
Microsoft Visual Studio Solution File, Format Version 12.00
# Visual Studio Version 16
VisualStudioVersion = 16.0.31112.23
MinimumVisualStudioVersion = 10.0.40219.1
Project("{9A19103F-16F7-4668-BE54-9A1E7A4F7556}") = "UserService", "..\Services\UserService\UserService\UserService.csproj", "{745090FE-1D89-40B4-87C5-8CF47D338918}"
EndProject
Project("{FAE04EC0-301F-11D3-BF4B-00C04F79EFBC}") = "SchedulerService", "..\Services\SchedulerService\SchedulerService\SchedulerService.csproj", "{CC40A8C0-BF9C-464D-9186-C8268C2D38DA}"
EndProject
Project("{FAE04EC0-301F-11D3-BF4B-00C04F79EFBC}") = "Frontend", "..\Frontend\Frontend\Frontend.csproj", "{A68801D9-9335-40BF-9A71-CD2D9411B686}"
EndProject
Global
	GlobalSection(SolutionConfigurationPlatforms) = preSolution
		Debug|Any CPU = Debug|Any CPU
		Release|Any CPU = Release|Any CPU
	EndGlobalSection
	GlobalSection(ProjectConfigurationPlatforms) = postSolution
		{745090FE-1D89-40B4-87C5-8CF47D338918}.Debug|Any CPU.ActiveCfg = Debug|Any CPU
		{745090FE-1D89-40B4-87C5-8CF47D338918}.Debug|Any CPU.Build.0 = Debug|Any CPU
		{745090FE-1D89-40B4-87C5-8CF47D338918}.Release|Any CPU.ActiveCfg = Release|Any CPU
		{745090FE-1D89-40B4-87C5-8CF47D338918}.Release|Any CPU.Build.0 = Release|Any CPU
		{CC40A8C0-BF9C-464D-9186-C8268C2D38DA}.Debug|Any CPU.ActiveCfg = Debug|Any CPU
		{CC40A8C0-BF9C-464D-9186-C8268C2D38DA}.Debug|Any CPU.Build.0 = Debug|Any CPU
		{CC40A8C0-BF9C-464D-9186-C8268C2D38DA}.Release|Any CPU.ActiveCfg = Release|Any CPU
		{CC40A8C0-BF9C-464D-9186-C8268C2D38DA}.Release|Any CPU.Build.0 = Release|Any CPU
		{A68801D9-9335-40BF-9A71-CD2D9411B686}.Debug|Any CPU.ActiveCfg = Debug|Any CPU
		{A68801D9-9335-40BF-9A71-CD2D9411B686}.Debug|Any CPU.Build.0 = Debug|Any CPU
		{A68801D9-9335-40BF-9A71-CD2D9411B686}.Release|Any CPU.ActiveCfg = Release|Any CPU
		{A68801D9-9335-40BF-9A71-CD2D9411B686}.Release|Any CPU.Build.0 = Release|Any CPU
	EndGlobalSection
	GlobalSection(SolutionProperties) = preSolution
		HideSolutionNode = FALSE
	EndGlobalSection
	GlobalSection(ExtensibilityGlobals) = postSolution
		SolutionGuid = {94B64306-BAF2-4462-BBB4-9FA72408A2D7}
	EndGlobalSection
EndGlobal
